
Microsoft Visual Studio Solution File, Format Version 12.00
# Visual Studio Version 17
VisualStudioVersion = 17.12.35707.178
MinimumVisualStudioVersion = 10.0.40219.1
Project("{FAE04EC0-301F-11D3-BF4B-00C04F79EFBC}") = "ex1_txt", "ex1_txt\ex1_txt.csproj", "{7212124A-20A3-4ED6-9F65-1AB37C8D0197}"
EndProject
Project("{FAE04EC0-301F-11D3-BF4B-00C04F79EFBC}") = "serializacao_desserializacao", "serializacao_desserializacao\serializacao_desserializacao.csproj", "{834786C3-00BF-4393-B0BB-E07D135A37B6}"
EndProject
Project("{FAE04EC0-301F-11D3-BF4B-00C04F79EFBC}") = "serializacao_desserializacao_arquivo", "serializacao_desserializacao_arquivo\serializacao_desserializacao_arquivo.csproj", "{0068FBF9-195C-4209-A588-774482F6570F}"
EndProject
Global
	GlobalSection(SolutionConfigurationPlatforms) = preSolution
		Debug|Any CPU = Debug|Any CPU
		Release|Any CPU = Release|Any CPU
	EndGlobalSection
	GlobalSection(ProjectConfigurationPlatforms) = postSolution
		{7212124A-20A3-4ED6-9F65-1AB37C8D0197}.Debug|Any CPU.ActiveCfg = Debug|Any CPU
		{7212124A-20A3-4ED6-9F65-1AB37C8D0197}.Debug|Any CPU.Build.0 = Debug|Any CPU
		{7212124A-20A3-4ED6-9F65-1AB37C8D0197}.Release|Any CPU.ActiveCfg = Release|Any CPU
		{7212124A-20A3-4ED6-9F65-1AB37C8D0197}.Release|Any CPU.Build.0 = Release|Any CPU
		{834786C3-00BF-4393-B0BB-E07D135A37B6}.Debug|Any CPU.ActiveCfg = Debug|Any CPU
		{834786C3-00BF-4393-B0BB-E07D135A37B6}.Debug|Any CPU.Build.0 = Debug|Any CPU
		{834786C3-00BF-4393-B0BB-E07D135A37B6}.Release|Any CPU.ActiveCfg = Release|Any CPU
		{834786C3-00BF-4393-B0BB-E07D135A37B6}.Release|Any CPU.Build.0 = Release|Any CPU
		{0068FBF9-195C-4209-A588-774482F6570F}.Debug|Any CPU.ActiveCfg = Debug|Any CPU
		{0068FBF9-195C-4209-A588-774482F6570F}.Debug|Any CPU.Build.0 = Debug|Any CPU
		{0068FBF9-195C-4209-A588-774482F6570F}.Release|Any CPU.ActiveCfg = Release|Any CPU
		{0068FBF9-195C-4209-A588-774482F6570F}.Release|Any CPU.Build.0 = Release|Any CPU
	EndGlobalSection
	GlobalSection(SolutionProperties) = preSolution
		HideSolutionNode = FALSE
	EndGlobalSection
EndGlobal
